{
  "requires": true,
  "lockfileVersion": 1,
  "dependencies": {
    "@interactjs/actions": {
      "version": "1.7.3",
      "resolved": "https://registry.npmjs.org/@interactjs/actions/-/actions-1.7.3.tgz",
      "integrity": "sha512-oC0hWgoX3xqZXUZa9AoyY0bnomX9Vq27GaEStyptViSL4GoUvcxhGEVnZmb1D7RXZyd0U+rCMgGX4S/Cd916kw=="
    },
    "@interactjs/auto-scroll": {
      "version": "1.7.3",
      "resolved": "https://registry.npmjs.org/@interactjs/auto-scroll/-/auto-scroll-1.7.3.tgz",
      "integrity": "sha512-9I+tZl9DbeUuq/xYohoi+fh0eow1K2Q3FyhsTMnMe6oA4fSnAqUfQN8F+miGR8XUq/qXxDutYcZnuwGQCikDOg=="
    },
    "@interactjs/auto-start": {
      "version": "1.7.3",
      "resolved": "https://registry.npmjs.org/@interactjs/auto-start/-/auto-start-1.7.3.tgz",
      "integrity": "sha512-BquOLaJsyl9LJZAviitxJyIWJNcHHebSW8wYRnVqTxy9f4Sb9LjfrALmk+MkvuZRM0YFBM29RfHNqE8dKAtmBg=="
    },
    "@interactjs/core": {
      "version": "1.7.3",
      "resolved": "https://registry.npmjs.org/@interactjs/core/-/core-1.7.3.tgz",
      "integrity": "sha512-Qlcmf/HZfhkvSLiOwcrnAbBNC2gCNT1yd6l0cd89HEphd4X9HpQyONbA07wDqn1F1Zh1W/v4HGzd1psgHnPc6A=="
    },
    "@interactjs/dev-tools": {
      "version": "1.7.3",
      "resolved": "https://registry.npmjs.org/@interactjs/dev-tools/-/dev-tools-1.7.3.tgz",
      "integrity": "sha512-ac9eOnK8hk3BWX7yZBw1jDXyoML5j0bKA443rkZL9sYhhPXuly+qfbwC0XFDNLXHZMLXf6EhcdfydfJZqXAG5Q==",
      "requires": {
        "@interactjs/utils": "1.7.3"
      }
    },
    "@interactjs/inertia": {
      "version": "1.7.3",
      "resolved": "https://registry.npmjs.org/@interactjs/inertia/-/inertia-1.7.3.tgz",
      "integrity": "sha512-Am4JZVRLqTG9VcyFvSr0bIOn0UaI3WzPYXNAdu3zQaByx7k46mLpXzbs8Ezq2gUMjjUd/VdwDHlcPWYMidjp4Q=="
    },
    "@interactjs/interact": {
      "version": "1.7.3",
      "resolved": "https://registry.npmjs.org/@interactjs/interact/-/interact-1.7.3.tgz",
      "integrity": "sha512-omsauCTVnhhHXNiFKtERPm31Yo5Ly1NbuepSJLztkHyeKAfHDCT1GW0avjZ4ee1zmcaBJRcLuu9KbkFVpibTSw=="
    },
    "@interactjs/interactjs": {
      "version": "1.7.3",
      "resolved": "https://registry.npmjs.org/@interactjs/interactjs/-/interactjs-1.7.3.tgz",
      "integrity": "sha512-UYKHE5H5QJXKpsetx5yiqK27abUk66jCuQCpdck5Y3IFJADpW7ILODmjqVF20o5tYc5TBwztaeF3alPl1uyw0Q==",
      "requires": {
        "@interactjs/types": "1.7.3"
      }
    },
    "@interactjs/modifiers": {
      "version": "1.7.3",
      "resolved": "https://registry.npmjs.org/@interactjs/modifiers/-/modifiers-1.7.3.tgz",
      "integrity": "sha512-4uxacQFHA1d/yOb9GoCMAr4j+brvIsML5InkXyUErRk+tMap/BdenvkmBjoOIEb1anDFv8dPJ2vcFEOcW5SnZA=="
    },
    "@interactjs/pointer-events": {
      "version": "1.7.3",
      "resolved": "https://registry.npmjs.org/@interactjs/pointer-events/-/pointer-events-1.7.3.tgz",
      "integrity": "sha512-Xiuopd6Osgc9NrqbAUVLwI8OpV+ZKqEf5IAdhr/DTqcT6Mk71vhvnEvFueiUf95joEJHPh6eqjrcFJ8Fbj0YBA=="
    },
    "@interactjs/reflow": {
      "version": "1.7.3",
      "resolved": "https://registry.npmjs.org/@interactjs/reflow/-/reflow-1.7.3.tgz",
      "integrity": "sha512-0xiVbXuRZKk/jqfIvN7evHUAHcI/000uMIOmeJ7oeOOhHvkq6Y8sHxf5v2f4PKlKNqX0b62RkAWwDYKFGdJmOQ=="
    },
    "@interactjs/types": {
      "version": "1.7.3",
      "resolved": "https://registry.npmjs.org/@interactjs/types/-/types-1.7.3.tgz",
      "integrity": "sha512-2+ewGREySUWNqGaGpSCeN6sYeKCulznlLMBcCBOOW9sPq5Fss9P7Lj67OZETUQ2tOfE5BJhopfEWviuOKRYABw==",
      "requires": {
        "@interactjs/actions": "1.7.3",
        "@interactjs/auto-scroll": "1.7.3",
        "@interactjs/auto-start": "1.7.3",
        "@interactjs/core": "1.7.3",
        "@interactjs/dev-tools": "1.7.3",
        "@interactjs/inertia": "1.7.3",
        "@interactjs/interact": "1.7.3",
        "@interactjs/modifiers": "1.7.3",
        "@interactjs/pointer-events": "1.7.3",
        "@interactjs/reflow": "1.7.3",
        "@interactjs/utils": "1.7.3"
      }
    },
    "@interactjs/utils": {
      "version": "1.7.3",
      "resolved": "https://registry.npmjs.org/@interactjs/utils/-/utils-1.7.3.tgz",
      "integrity": "sha512-GKE+cdwqVru7veZRDKvPtjsm/ii/iBjd0xyTMKDChiQUkcZ4LFKIJGD/3vjeNH5IU8pZIeY+KBqBm1F+8IVEzQ=="
    },
    "interactjs": {
      "version": "1.7.3",
      "resolved": "https://registry.npmjs.org/interactjs/-/interactjs-1.7.3.tgz",
      "integrity": "sha512-2DvhItFT+l3DRswUJ1WPnf/rGhSpLaXyPzbUNeDffcxtElTp09kUAEqQbsnK4IdCrMiQeNY2QFJ4iD8HYeyyiQ==",
      "requires": {
        "@interactjs/interactjs": "1.7.3",
        "@interactjs/types": "1.7.3"
      }
    }
  }
}
